schema: '2.0'
stages:
  data_ingestion:
    cmd: python src/data/data_ingestion.py
    deps:
    - path: src/data/data_ingestion.py
      hash: md5
      md5: ca541a05ea8beebb72803d21c5e33e5d
      size: 565
    outs:
    - path: data/raw/raw_df.csv
      hash: md5
      md5: c87e9a255ab406d5c0c6276297397dfa
      size: 115793
  data_preprocessing:
    cmd: python src/data/data_preprocessing.py
    deps:
    - path: data/raw/raw_df.csv
      hash: md5
      md5: c87e9a255ab406d5c0c6276297397dfa
      size: 115793
    - path: src/data/data_preprocessing.py
      hash: md5
      md5: 17e73bc001e4eb603c0aac8e6741dd2a
      size: 1432
    outs:
    - path: data/processed/x_test_process.csv
      hash: md5
      md5: fb4c15b9a022b184b485910f0d10ec8e
      size: 22872
    - path: data/processed/x_train_process.csv
      hash: md5
      md5: 5e64dfe3333a5b57f73b9532e23ee91d
      size: 53328
  feature_engineering:
    cmd: python src/features/feature_engineering.py
    deps:
    - path: data/processed/x_test_process.csv
      hash: md5
      md5: fb4c15b9a022b184b485910f0d10ec8e
      size: 22872
    - path: data/processed/x_train_process.csv
      hash: md5
      md5: 5e64dfe3333a5b57f73b9532e23ee91d
      size: 53328
    - path: src/features/feature_engineering.py
      hash: md5
      md5: 5bc724b674dda912560c8e70ba5affb0
      size: 3351
    outs:
    - path: artifacts/model/preprocessor.joblib
      hash: md5
      md5: e47f6ebbec7ffb88695cef9fb6ce2ef0
      size: 23510
    - path: data/interim/x_test_final.csv
      hash: md5
      md5: be3e631e5b5c29850c70a25c0455c113
      size: 3323393
    - path: data/interim/x_train_final.csv
      hash: md5
      md5: b766d12f8d5880f84c2a5849c8e179ff
      size: 7712875
    - path: data/interim/y_test.csv
      hash: md5
      md5: 5d0b9eae2dbd0cb043b3efed6b3f5751
      size: 1815
    - path: data/interim/y_train.csv
      hash: md5
      md5: 8cf2706d76f9edfa41ab7d15463e1539
      size: 4215
  model_building:
    cmd: python src/models/model_building.py
    deps:
    - path: artifacts/model/preprocessor.joblib
      hash: md5
      md5: e47f6ebbec7ffb88695cef9fb6ce2ef0
      size: 23510
    - path: data/interim/x_test_final.csv
      hash: md5
      md5: be3e631e5b5c29850c70a25c0455c113
      size: 3323393
    - path: data/interim/x_train_final.csv
      hash: md5
      md5: b766d12f8d5880f84c2a5849c8e179ff
      size: 7712875
    - path: data/interim/y_test.csv
      hash: md5
      md5: 5d0b9eae2dbd0cb043b3efed6b3f5751
      size: 1815
    - path: data/interim/y_train.csv
      hash: md5
      md5: 8cf2706d76f9edfa41ab7d15463e1539
      size: 4215
    - path: src/models/model_building.py
      hash: md5
      md5: 57ce08269739b32f1609ff29ccaae0c2
      size: 1085
    outs:
    - path: artifacts/model/model.joblib
      hash: md5
      md5: 25fb5b78e691a035866bdcdd8a26d211
      size: 910425
  model_eval:
    cmd: python src/models/model_eval.py
    deps:
    - path: artifacts/model/model.joblib
      hash: md5
      md5: 25fb5b78e691a035866bdcdd8a26d211
      size: 910425
    - path: src/models/model_eval.py
      hash: md5
      md5: bea3d37d6b876091f84c75ca65f84589
      size: 4203
    outs:
    - path: reports/experiment_info.json
      hash: md5
      md5: a532cce72bd4fdf5cfcc5a2fa67e1490
      size: 87
    - path: reports/metrics.json
      hash: md5
      md5: 52f5f1f9905187bcb67452e263afc92d
      size: 90
  regester_model:
    cmd: python src/models/register_model.py
    deps:
    - path: reports/experiment_info.json
      hash: md5
      md5: a532cce72bd4fdf5cfcc5a2fa67e1490
      size: 87
    - path: src/models/register_model.py
      hash: md5
      md5: 587af3f2cd4eb1d24ce6b06c9df2dbb2
      size: 1887
