schema: '2.0'
stages:
  data_ingestion:
    cmd: python src/data/data_ingestion.py
    deps:
    - path: src/data/data_ingestion.py
      hash: md5
      md5: 39ca49fccd0839d5f0d5c9e50b940ab5
      size: 564
    outs:
    - path: data/raw/raw_df.csv
      hash: md5
      md5: c87e9a255ab406d5c0c6276297397dfa
      size: 115793
  data_preprocessing:
    cmd: python src/data/data_preprocessing.py
    deps:
    - path: data/raw/raw_df.csv
      hash: md5
      md5: c87e9a255ab406d5c0c6276297397dfa
      size: 115793
    - path: src/data/data_preprocessing.py
      hash: md5
      md5: 7227a697d6f55f01b3acd05cc814c932
      size: 1430
    outs:
    - path: data/processed/x_test_process.csv
      hash: md5
      md5: 43c05724ec3f833beb2bd6f5a3df56d7
      size: 15236
    - path: data/processed/x_train_process.csv
      hash: md5
      md5: 1ca5ed7120ba318f485da63300e26051
      size: 60964
  feature_engineering:
    cmd: python src/features/feature_engineering.py
    deps:
    - path: data/processed/x_test_process.csv
      hash: md5
      md5: 43c05724ec3f833beb2bd6f5a3df56d7
      size: 15236
    - path: data/processed/x_train_process.csv
      hash: md5
      md5: 1ca5ed7120ba318f485da63300e26051
      size: 60964
    - path: src/features/feature_engineering.py
      hash: md5
      md5: 3bbedc91a613f8b64fedee22daba6b3f
      size: 3348
    outs:
    - path: artifacts/model/preprocessor.joblib
      hash: md5
      md5: db273d3051db0e7112f8a94747132793
      size: 26278
    - path: data/interim/x_test_final.csv
      hash: md5
      md5: f485e4d4116f840199d4c67936a2ad0b
      size: 2521369
    - path: data/interim/x_train_final.csv
      hash: md5
      md5: 626df43172563611f35f8027677397cf
      size: 9979069
    - path: data/interim/y_test.csv
      hash: md5
      md5: eb076cbc6661efff1948f1165ff44c91
      size: 1215
    - path: data/interim/y_train.csv
      hash: md5
      md5: 214efb031703aa02909d78ceae968dcd
      size: 4815
  model_building:
    cmd: python src/models/model_building.py
    deps:
    - path: artifacts/model/preprocessor.joblib
      hash: md5
      md5: db273d3051db0e7112f8a94747132793
      size: 26278
    - path: data/interim/x_test_final.csv
      hash: md5
      md5: f485e4d4116f840199d4c67936a2ad0b
      size: 2521369
    - path: data/interim/x_train_final.csv
      hash: md5
      md5: 626df43172563611f35f8027677397cf
      size: 9979069
    - path: data/interim/y_test.csv
      hash: md5
      md5: eb076cbc6661efff1948f1165ff44c91
      size: 1215
    - path: data/interim/y_train.csv
      hash: md5
      md5: 214efb031703aa02909d78ceae968dcd
      size: 4815
    - path: src/models/model_building.py
      hash: md5
      md5: 5cb79ebd41f213b3d4a0566eaac17bd6
      size: 1085
    outs:
    - path: artifacts/model/model.joblib
      hash: md5
      md5: a80f7435c6ee53a2ef7c53d97a87e1f7
      size: 604137
  model_eval:
    cmd: python src/models/model_eval.py
    deps:
    - path: artifacts/model/model.joblib
      hash: md5
      md5: a80f7435c6ee53a2ef7c53d97a87e1f7
      size: 604137
    - path: src/models/model_eval.py
      hash: md5
      md5: 28f90f1e52c233c5fbd6cfd2033f8bc1
      size: 4187
    outs:
    - path: reports/experiment_info.json
      hash: md5
      md5: 183d635daeb9b208fa425467cc5ca6c6
      size: 87
    - path: reports/metrics.json
      hash: md5
      md5: 52f5f1f9905187bcb67452e263afc92d
      size: 90
  regester_model:
    cmd: python src/models/register_model.py
    deps:
    - path: reports/experiment_info.json
      hash: md5
      md5: 183d635daeb9b208fa425467cc5ca6c6
      size: 87
    - path: src/models/register_model.py
      hash: md5
      md5: 587af3f2cd4eb1d24ce6b06c9df2dbb2
      size: 1887
